
Microsoft Visual Studio Solution File, Format Version 12.00
# Visual Studio 14
VisualStudioVersion = 14.0.25420.1
MinimumVisualStudioVersion = 10.0.40219.1
Project("{8BC9CEB8-8B4A-11D0-8D11-00A0C91BC942}") = "ffplay", "ffplay.vcxproj", "{48C0428F-6419-484E-A335-D87F02D321CF}"
EndProject
Project("{8BC9CEB8-8B4A-11D0-8D11-00A0C91BC942}") = "ffmpeg", "ffmpeg.vcxproj", "{AC559662-FEDB-48C3-B8E0-A68AF7E41F36}"
EndProject
Project("{8BC9CEB8-8B4A-11D0-8D11-00A0C91BC942}") = "muxing", "muxing.vcxproj", "{8311EEF6-76CB-4835-8210-2A6954B01BE9}"
EndProject
Project("{8BC9CEB8-8B4A-11D0-8D11-00A0C91BC942}") = "encode video", "encodevideo.vcxproj", "{771B8BFE-B3E3-4FA3-A96A-0F1F11AE0A61}"
EndProject
Project("{8BC9CEB8-8B4A-11D0-8D11-00A0C91BC942}") = "encode audio", "encode audio.vcxproj", "{670E5C00-60B4-4FBA-A6F4-A948993D874F}"
EndProject
Project("{8BC9CEB8-8B4A-11D0-8D11-00A0C91BC942}") = "transcode_aac", "transcode_aac.vcxproj", "{FB396B25-E226-4D1F-A909-9B43B0F009A6}"
EndProject
Project("{8BC9CEB8-8B4A-11D0-8D11-00A0C91BC942}") = "transcode", "transcode.vcxproj", "{947E8565-42E0-4AF9-B0E2-392387694810}"
EndProject
Global
	GlobalSection(SolutionConfigurationPlatforms) = preSolution
		Debug|x64 = Debug|x64
		Debug|x86 = Debug|x86
		Release|x64 = Release|x64
		Release|x86 = Release|x86
	EndGlobalSection
	GlobalSection(ProjectConfigurationPlatforms) = postSolution
		{48C0428F-6419-484E-A335-D87F02D321CF}.Debug|x64.ActiveCfg = Debug|x64
		{48C0428F-6419-484E-A335-D87F02D321CF}.Debug|x64.Build.0 = Debug|x64
		{48C0428F-6419-484E-A335-D87F02D321CF}.Debug|x86.ActiveCfg = Debug|Win32
		{48C0428F-6419-484E-A335-D87F02D321CF}.Debug|x86.Build.0 = Debug|Win32
		{48C0428F-6419-484E-A335-D87F02D321CF}.Release|x64.ActiveCfg = Release|x64
		{48C0428F-6419-484E-A335-D87F02D321CF}.Release|x64.Build.0 = Release|x64
		{48C0428F-6419-484E-A335-D87F02D321CF}.Release|x86.ActiveCfg = Release|Win32
		{48C0428F-6419-484E-A335-D87F02D321CF}.Release|x86.Build.0 = Release|Win32
		{AC559662-FEDB-48C3-B8E0-A68AF7E41F36}.Debug|x64.ActiveCfg = Debug|x64
		{AC559662-FEDB-48C3-B8E0-A68AF7E41F36}.Debug|x64.Build.0 = Debug|x64
		{AC559662-FEDB-48C3-B8E0-A68AF7E41F36}.Debug|x86.ActiveCfg = Debug|Win32
		{AC559662-FEDB-48C3-B8E0-A68AF7E41F36}.Debug|x86.Build.0 = Debug|Win32
		{AC559662-FEDB-48C3-B8E0-A68AF7E41F36}.Release|x64.ActiveCfg = Release|x64
		{AC559662-FEDB-48C3-B8E0-A68AF7E41F36}.Release|x64.Build.0 = Release|x64
		{AC559662-FEDB-48C3-B8E0-A68AF7E41F36}.Release|x86.ActiveCfg = Release|Win32
		{AC559662-FEDB-48C3-B8E0-A68AF7E41F36}.Release|x86.Build.0 = Release|Win32
		{8311EEF6-76CB-4835-8210-2A6954B01BE9}.Debug|x64.ActiveCfg = Debug|x64
		{8311EEF6-76CB-4835-8210-2A6954B01BE9}.Debug|x64.Build.0 = Debug|x64
		{8311EEF6-76CB-4835-8210-2A6954B01BE9}.Debug|x86.ActiveCfg = Debug|Win32
		{8311EEF6-76CB-4835-8210-2A6954B01BE9}.Debug|x86.Build.0 = Debug|Win32
		{8311EEF6-76CB-4835-8210-2A6954B01BE9}.Release|x64.ActiveCfg = Release|x64
		{8311EEF6-76CB-4835-8210-2A6954B01BE9}.Release|x64.Build.0 = Release|x64
		{8311EEF6-76CB-4835-8210-2A6954B01BE9}.Release|x86.ActiveCfg = Release|Win32
		{8311EEF6-76CB-4835-8210-2A6954B01BE9}.Release|x86.Build.0 = Release|Win32
		{771B8BFE-B3E3-4FA3-A96A-0F1F11AE0A61}.Debug|x64.ActiveCfg = Debug|x64
		{771B8BFE-B3E3-4FA3-A96A-0F1F11AE0A61}.Debug|x64.Build.0 = Debug|x64
		{771B8BFE-B3E3-4FA3-A96A-0F1F11AE0A61}.Debug|x86.ActiveCfg = Debug|Win32
		{771B8BFE-B3E3-4FA3-A96A-0F1F11AE0A61}.Debug|x86.Build.0 = Debug|Win32
		{771B8BFE-B3E3-4FA3-A96A-0F1F11AE0A61}.Release|x64.ActiveCfg = Release|x64
		{771B8BFE-B3E3-4FA3-A96A-0F1F11AE0A61}.Release|x64.Build.0 = Release|x64
		{771B8BFE-B3E3-4FA3-A96A-0F1F11AE0A61}.Release|x86.ActiveCfg = Release|Win32
		{771B8BFE-B3E3-4FA3-A96A-0F1F11AE0A61}.Release|x86.Build.0 = Release|Win32
		{670E5C00-60B4-4FBA-A6F4-A948993D874F}.Debug|x64.ActiveCfg = Debug|x64
		{670E5C00-60B4-4FBA-A6F4-A948993D874F}.Debug|x64.Build.0 = Debug|x64
		{670E5C00-60B4-4FBA-A6F4-A948993D874F}.Debug|x86.ActiveCfg = Debug|Win32
		{670E5C00-60B4-4FBA-A6F4-A948993D874F}.Debug|x86.Build.0 = Debug|Win32
		{670E5C00-60B4-4FBA-A6F4-A948993D874F}.Release|x64.ActiveCfg = Release|x64
		{670E5C00-60B4-4FBA-A6F4-A948993D874F}.Release|x64.Build.0 = Release|x64
		{670E5C00-60B4-4FBA-A6F4-A948993D874F}.Release|x86.ActiveCfg = Release|Win32
		{670E5C00-60B4-4FBA-A6F4-A948993D874F}.Release|x86.Build.0 = Release|Win32
		{FB396B25-E226-4D1F-A909-9B43B0F009A6}.Debug|x64.ActiveCfg = Debug|x64
		{FB396B25-E226-4D1F-A909-9B43B0F009A6}.Debug|x64.Build.0 = Debug|x64
		{FB396B25-E226-4D1F-A909-9B43B0F009A6}.Debug|x86.ActiveCfg = Debug|Win32
		{FB396B25-E226-4D1F-A909-9B43B0F009A6}.Debug|x86.Build.0 = Debug|Win32
		{FB396B25-E226-4D1F-A909-9B43B0F009A6}.Release|x64.ActiveCfg = Release|x64
		{FB396B25-E226-4D1F-A909-9B43B0F009A6}.Release|x64.Build.0 = Release|x64
		{FB396B25-E226-4D1F-A909-9B43B0F009A6}.Release|x86.ActiveCfg = Release|Win32
		{FB396B25-E226-4D1F-A909-9B43B0F009A6}.Release|x86.Build.0 = Release|Win32
		{947E8565-42E0-4AF9-B0E2-392387694810}.Debug|x64.ActiveCfg = Debug|x64
		{947E8565-42E0-4AF9-B0E2-392387694810}.Debug|x64.Build.0 = Debug|x64
		{947E8565-42E0-4AF9-B0E2-392387694810}.Debug|x86.ActiveCfg = Debug|Win32
		{947E8565-42E0-4AF9-B0E2-392387694810}.Debug|x86.Build.0 = Debug|Win32
		{947E8565-42E0-4AF9-B0E2-392387694810}.Release|x64.ActiveCfg = Release|x64
		{947E8565-42E0-4AF9-B0E2-392387694810}.Release|x64.Build.0 = Release|x64
		{947E8565-42E0-4AF9-B0E2-392387694810}.Release|x86.ActiveCfg = Release|Win32
		{947E8565-42E0-4AF9-B0E2-392387694810}.Release|x86.Build.0 = Release|Win32
	EndGlobalSection
	GlobalSection(SolutionProperties) = preSolution
		HideSolutionNode = FALSE
	EndGlobalSection
EndGlobal
